
Microsoft Visual Studio Solution File, Format Version 12.00
# Visual Studio Version 17
VisualStudioVersion = 17.9.34728.123
MinimumVisualStudioVersion = 10.0.40219.1
Project("{FAE04EC0-301F-11D3-BF4B-00C04F79EFBC}") = "DIPatternDemo", "DIPatternDemo\DIPatternDemo.csproj", "{A3E37EDA-C287-46F5-B9B3-F78D464879EE}"
EndProject
Global
	GlobalSection(SolutionConfigurationPlatforms) = preSolution
		Debug|Any CPU = Debug|Any CPU
		Release|Any CPU = Release|Any CPU
	EndGlobalSection
	GlobalSection(ProjectConfigurationPlatforms) = postSolution
		{A3E37EDA-C287-46F5-B9B3-F78D464879EE}.Debug|Any CPU.ActiveCfg = Debug|Any CPU
		{A3E37EDA-C287-46F5-B9B3-F78D464879EE}.Debug|Any CPU.Build.0 = Debug|Any CPU
		{A3E37EDA-C287-46F5-B9B3-F78D464879EE}.Release|Any CPU.ActiveCfg = Release|Any CPU
		{A3E37EDA-C287-46F5-B9B3-F78D464879EE}.Release|Any CPU.Build.0 = Release|Any CPU
	EndGlobalSection
	GlobalSection(SolutionProperties) = preSolution
		HideSolutionNode = FALSE
	EndGlobalSection
	GlobalSection(ExtensibilityGlobals) = postSolution
		SolutionGuid = {7B2571FB-615B-4854-A0FC-9973FF681D0B}
	EndGlobalSection
EndGlobal
