
Microsoft Visual Studio Solution File, Format Version 12.00
# Visual Studio Version 17
VisualStudioVersion = 17.9.34728.123
MinimumVisualStudioVersion = 10.0.40219.1
Project("{FAE04EC0-301F-11D3-BF4B-00C04F79EFBC}") = "EmployeeFrom", "EmployeeFrom\EmployeeFrom.csproj", "{F3087788-C766-4A8F-81EA-088E2F5B123A}"
EndProject
Global
	GlobalSection(SolutionConfigurationPlatforms) = preSolution
		Debug|Any CPU = Debug|Any CPU
		Release|Any CPU = Release|Any CPU
	EndGlobalSection
	GlobalSection(ProjectConfigurationPlatforms) = postSolution
		{F3087788-C766-4A8F-81EA-088E2F5B123A}.Debug|Any CPU.ActiveCfg = Debug|Any CPU
		{F3087788-C766-4A8F-81EA-088E2F5B123A}.Debug|Any CPU.Build.0 = Debug|Any CPU
		{F3087788-C766-4A8F-81EA-088E2F5B123A}.Release|Any CPU.ActiveCfg = Release|Any CPU
		{F3087788-C766-4A8F-81EA-088E2F5B123A}.Release|Any CPU.Build.0 = Release|Any CPU
	EndGlobalSection
	GlobalSection(SolutionProperties) = preSolution
		HideSolutionNode = FALSE
	EndGlobalSection
	GlobalSection(ExtensibilityGlobals) = postSolution
		SolutionGuid = {4FDFB705-4AC1-44CA-9838-543279D9D8AB}
	EndGlobalSection
EndGlobal
